
Microsoft Visual Studio Solution File, Format Version 12.00
# Visual Studio Version 16
VisualStudioVersion = 16.0.808.6
MinimumVisualStudioVersion = 10.0.40219.1
Project("{FAE04EC0-301F-11D3-BF4B-00C04F79EFBC}") = "Array.List", "Array.List.csproj", "{B36F54BA-BAB9-45BB-9BF6-E7DDA15D0C80}"
EndProject
Global
	GlobalSection(SolutionConfigurationPlatforms) = preSolution
		Debug|Any CPU = Debug|Any CPU
		Release|Any CPU = Release|Any CPU
	EndGlobalSection
	GlobalSection(ProjectConfigurationPlatforms) = postSolution
		{B36F54BA-BAB9-45BB-9BF6-E7DDA15D0C80}.Debug|Any CPU.ActiveCfg = Debug|Any CPU
		{B36F54BA-BAB9-45BB-9BF6-E7DDA15D0C80}.Debug|Any CPU.Build.0 = Debug|Any CPU
		{B36F54BA-BAB9-45BB-9BF6-E7DDA15D0C80}.Release|Any CPU.ActiveCfg = Release|Any CPU
		{B36F54BA-BAB9-45BB-9BF6-E7DDA15D0C80}.Release|Any CPU.Build.0 = Release|Any CPU
	EndGlobalSection
	GlobalSection(SolutionProperties) = preSolution
		HideSolutionNode = FALSE
	EndGlobalSection
	GlobalSection(ExtensibilityGlobals) = postSolution
		SolutionGuid = {09DC287F-5A84-46B8-8356-63CE46ABDCF0}
	EndGlobalSection
EndGlobal
